
Microsoft Visual Studio Solution File, Format Version 12.00
# Visual Studio 15
VisualStudioVersion = 15.0.28010.2026
MinimumVisualStudioVersion = 10.0.40219.1
Project("{FAE04EC0-301F-11D3-BF4B-00C04F79EFBC}") = "Final_Ej_228", "Final_Ej_228\Final_Ej_228.csproj", "{8BB1F75D-8A41-4975-B7D5-8F78F585D4FA}"
EndProject
Global
	GlobalSection(SolutionConfigurationPlatforms) = preSolution
		Debug|Any CPU = Debug|Any CPU
		Release|Any CPU = Release|Any CPU
	EndGlobalSection
	GlobalSection(ProjectConfigurationPlatforms) = postSolution
		{8BB1F75D-8A41-4975-B7D5-8F78F585D4FA}.Debug|Any CPU.ActiveCfg = Debug|Any CPU
		{8BB1F75D-8A41-4975-B7D5-8F78F585D4FA}.Debug|Any CPU.Build.0 = Debug|Any CPU
		{8BB1F75D-8A41-4975-B7D5-8F78F585D4FA}.Release|Any CPU.ActiveCfg = Release|Any CPU
		{8BB1F75D-8A41-4975-B7D5-8F78F585D4FA}.Release|Any CPU.Build.0 = Release|Any CPU
	EndGlobalSection
	GlobalSection(SolutionProperties) = preSolution
		HideSolutionNode = FALSE
	EndGlobalSection
	GlobalSection(ExtensibilityGlobals) = postSolution
		SolutionGuid = {846918BE-B6A9-4C7D-9DBC-605198B90AA4}
	EndGlobalSection
EndGlobal
